periph.io/x/conn/v3 v3.6.8 h1:fnNSwSoKPzpoLOSxml70EInaP6YrrqcucP3KDfNxpmU=
periph.io/x/conn/v3 v3.6.8/go.mod h1:3OD27w9YVa5DS97VsUxsPGzD9Qrm5Ny7cF5b6xMMIWg=
periph.io/x/d2xx v0.0.2 h1:M/TYEM821i6TuD3AdE1HKamcQBASYRQx6r+/Yexkkcg=
periph.io/x/d2xx v0.0.2/go.mod h1:38Euaaj+s6l0faIRHh32a+PrjXvxFTFkPBEQI0TKg34=
