github.com/jonboulle/clockwork v0.5.0 h1:Hyh9A8u51kptdkR+cqRpT1EebBwTn1oK9YfGYbdFz6I=
github.com/jonboulle/clockwork v0.5.0/go.mod h1:3mZlmanh0g2NDKO5TWZVJAfofYk64M7XN3SzBPjZF60=
periph.io/x/conn/v3 v3.7.3 h1:+8UblkC4omTB1M+jZTvTj3qoxQOTJy0ZRQm8DLUuVzc=
periph.io/x/conn/v3 v3.7.3/go.mod h1:tyV9YaYquOJ2Q2yAL0B5zk9ZvHGsbW56M6y92wjyPDQ=
periph.io/x/d2xx v0.1.1 h1:LHp+u+qAWLB5THrTT/AzyjdvfUhllvDF5wBJP7uvn+U=
periph.io/x/d2xx v0.1.1/go.mod h1:rLM321G11Fc14Pp088khBkmXb70Pxx/kCPaIK7uRUBc=
