github.com/jonboulle/clockwork v0.4.0 h1:p4Cf1aMWXnXAUh8lVfewRBx1zaTSYKrKMF2g3ST4RZ4=
github.com/jonboulle/clockwork v0.4.0/go.mod h1:xgRqUGwRcjKCO1vbZUEtSLrqKoPSsUpK7fnezOII0kc=
periph.io/x/conn/v3 v3.7.1 h1:tMjNv3WO8jEz/ePuXl7y++2zYi8LsQ5otbmqGKy3Myg=
periph.io/x/conn/v3 v3.7.1/go.mod h1:c+HCVjkzbf09XzcqZu/t+U8Ss/2QuJj0jgRF6Nye838=
periph.io/x/d2xx v0.1.1 h1:LHp+u+qAWLB5THrTT/AzyjdvfUhllvDF5wBJP7uvn+U=
periph.io/x/d2xx v0.1.1/go.mod h1:rLM321G11Fc14Pp088khBkmXb70Pxx/kCPaIK7uRUBc=
